// !$*UTF8*$!
{
	archiveVersion = 1;
	classes = {
	};
	objectVersion = 55;
	objects = {

/* Begin PBXBuildFile section */
		26205633289AECD9002A7DFA /* AppDelegate.swift in Sources */ = {isa = PBXBuildFile; fileRef = 26205632289AECD9002A7DFA /* AppDelegate.swift */; };
		26205635289AECD9002A7DFA /* SceneDelegate.swift in Sources */ = {isa = PBXBuildFile; fileRef = 26205634289AECD9002A7DFA /* SceneDelegate.swift */; };
		26205637289AECD9002A7DFA /* MainViewController.swift in Sources */ = {isa = PBXBuildFile; fileRef = 26205636289AECD9002A7DFA /* MainViewController.swift */; };
		2620563C289AECDC002A7DFA /* Assets.xcassets in Resources */ = {isa = PBXBuildFile; fileRef = 2620563B289AECDC002A7DFA /* Assets.xcassets */; };
		2620563F289AECDC002A7DFA /* LaunchScreen.storyboard in Resources */ = {isa = PBXBuildFile; fileRef = 2620563D289AECDC002A7DFA /* LaunchScreen.storyboard */; };
		26205647289AF13C002A7DFA /* MainView.swift in Sources */ = {isa = PBXBuildFile; fileRef = 26205646289AF13C002A7DFA /* MainView.swift */; };
		26205649289AF42E002A7DFA /* MainViewModel.swift in Sources */ = {isa = PBXBuildFile; fileRef = 26205648289AF42E002A7DFA /* MainViewModel.swift */; };
		2620564B289AF440002A7DFA /* Service.swift in Sources */ = {isa = PBXBuildFile; fileRef = 2620564A289AF440002A7DFA /* Service.swift */; };
		2620564D289AF506002A7DFA /* Person.swift in Sources */ = {isa = PBXBuildFile; fileRef = 2620564C289AF506002A7DFA /* Person.swift */; };
		2620564F289AF5F3002A7DFA /* NetworkError.swift in Sources */ = {isa = PBXBuildFile; fileRef = 2620564E289AF5F3002A7DFA /* NetworkError.swift */; };
/* End PBXBuildFile section */

/* Begin PBXFileReference section */
		2620562F289AECD9002A7DFA /* DevKitLesson1.app */ = {isa = PBXFileReference; explicitFileType = wrapper.application; includeInIndex = 0; path = DevKitLesson1.app; sourceTree = BUILT_PRODUCTS_DIR; };
		26205632289AECD9002A7DFA /* AppDelegate.swift */ = {isa = PBXFileReference; lastKnownFileType = sourcecode.swift; path = AppDelegate.swift; sourceTree = "<group>"; };
		26205634289AECD9002A7DFA /* SceneDelegate.swift */ = {isa = PBXFileReference; lastKnownFileType = sourcecode.swift; path = SceneDelegate.swift; sourceTree = "<group>"; };
		26205636289AECD9002A7DFA /* MainViewController.swift */ = {isa = PBXFileReference; lastKnownFileType = sourcecode.swift; path = MainViewController.swift; sourceTree = "<group>"; };
		2620563B289AECDC002A7DFA /* Assets.xcassets */ = {isa = PBXFileReference; lastKnownFileType = folder.assetcatalog; path = Assets.xcassets; sourceTree = "<group>"; };
		2620563E289AECDC002A7DFA /* Base */ = {isa = PBXFileReference; lastKnownFileType = file.storyboard; name = Base; path = Base.lproj/LaunchScreen.storyboard; sourceTree = "<group>"; };
		26205640289AECDC002A7DFA /* Info.plist */ = {isa = PBXFileReference; lastKnownFileType = text.plist.xml; path = Info.plist; sourceTree = "<group>"; };
		26205646289AF13C002A7DFA /* MainView.swift */ = {isa = PBXFileReference; lastKnownFileType = sourcecode.swift; path = MainView.swift; sourceTree = "<group>"; };
		26205648289AF42E002A7DFA /* MainViewModel.swift */ = {isa = PBXFileReference; lastKnownFileType = sourcecode.swift; path = MainViewModel.swift; sourceTree = "<group>"; };
		2620564A289AF440002A7DFA /* Service.swift */ = {isa = PBXFileReference; lastKnownFileType = sourcecode.swift; path = Service.swift; sourceTree = "<group>"; };
		2620564C289AF506002A7DFA /* Person.swift */ = {isa = PBXFileReference; lastKnownFileType = sourcecode.swift; path = Person.swift; sourceTree = "<group>"; };
		2620564E289AF5F3002A7DFA /* NetworkError.swift */ = {isa = PBXFileReference; lastKnownFileType = sourcecode.swift; path = NetworkError.swift; sourceTree = "<group>"; };
/* End PBXFileReference section */

/* Begin PBXFrameworksBuildPhase section */
		2620562C289AECD9002A7DFA /* Frameworks */ = {
			isa = PBXFrameworksBuildPhase;
			buildActionMask = 2147483647;
			files = (
			);
			runOnlyForDeploymentPostprocessing = 0;
		};
/* End PBXFrameworksBuildPhase section */

/* Begin PBXGroup section */
		26205626289AECD9002A7DFA = {
			isa = PBXGroup;
			children = (
				26205631289AECD9002A7DFA /* DevKitLesson1 */,
				26205630289AECD9002A7DFA /* Products */,
			);
			sourceTree = "<group>";
		};
		26205630289AECD9002A7DFA /* Products */ = {
			isa = PBXGroup;
			children = (
				2620562F289AECD9002A7DFA /* DevKitLesson1.app */,
			);
			name = Products;
			sourceTree = "<group>";
		};
		26205631289AECD9002A7DFA /* DevKitLesson1 */ = {
			isa = PBXGroup;
			children = (
				2659225E289B065A002606CD /* Service */,
				26592261289B068F002606CD /* Model */,
				26592260289B0680002606CD /* View */,
				26592262289B06A1002606CD /* ViewModel */,
				2659225F289B0669002606CD /* Utils */,
				26205640289AECDC002A7DFA /* Info.plist */,
			);
			path = DevKitLesson1;
			sourceTree = "<group>";
		};
		2659225E289B065A002606CD /* Service */ = {
			isa = PBXGroup;
			children = (
				2620564A289AF440002A7DFA /* Service.swift */,
			);
			path = Service;
			sourceTree = "<group>";
		};
		2659225F289B0669002606CD /* Utils */ = {
			isa = PBXGroup;
			children = (
				2620563D289AECDC002A7DFA /* LaunchScreen.storyboard */,
				2620563B289AECDC002A7DFA /* Assets.xcassets */,
				26205634289AECD9002A7DFA /* SceneDelegate.swift */,
				26205632289AECD9002A7DFA /* AppDelegate.swift */,
			);
			path = Utils;
			sourceTree = "<group>";
		};
		26592260289B0680002606CD /* View */ = {
			isa = PBXGroup;
			children = (
				26205636289AECD9002A7DFA /* MainViewController.swift */,
				26205646289AF13C002A7DFA /* MainView.swift */,
			);
			path = View;
			sourceTree = "<group>";
		};
		26592261289B068F002606CD /* Model */ = {
			isa = PBXGroup;
			children = (
				2620564C289AF506002A7DFA /* Person.swift */,
				2620564E289AF5F3002A7DFA /* NetworkError.swift */,
			);
			path = Model;
			sourceTree = "<group>";
		};
		26592262289B06A1002606CD /* ViewModel */ = {
			isa = PBXGroup;
			children = (
				26205648289AF42E002A7DFA /* MainViewModel.swift */,
			);
			path = ViewModel;
			sourceTree = "<group>";
		};
/* End PBXGroup section */

/* Begin PBXNativeTarget section */
		2620562E289AECD9002A7DFA /* DevKitLesson1 */ = {
			isa = PBXNativeTarget;
			buildConfigurationList = 26205643289AECDC002A7DFA /* Build configuration list for PBXNativeTarget "DevKitLesson1" */;
			buildPhases = (
				2620562B289AECD9002A7DFA /* Sources */,
				2620562C289AECD9002A7DFA /* Frameworks */,
				2620562D289AECD9002A7DFA /* Resources */,
			);
			buildRules = (
			);
			dependencies = (
			);
			name = DevKitLesson1;
			productName = DevKitLesson1;
			productReference = 2620562F289AECD9002A7DFA /* DevKitLesson1.app */;
			productType = "com.apple.product-type.application";
		};
/* End PBXNativeTarget section */

/* Begin PBXProject section */
		26205627289AECD9002A7DFA /* Project object */ = {
			isa = PBXProject;
			attributes = {
				BuildIndependentTargetsInParallel = 1;
				LastSwiftUpdateCheck = 1340;
				LastUpgradeCheck = 1340;
				TargetAttributes = {
					2620562E289AECD9002A7DFA = {
						CreatedOnToolsVersion = 13.4.1;
					};
				};
			};
			buildConfigurationList = 2620562A289AECD9002A7DFA /* Build configuration list for PBXProject "DevKitLesson1" */;
			compatibilityVersion = "Xcode 13.0";
			developmentRegion = en;
			hasScannedForEncodings = 0;
			knownRegions = (
				en,
				Base,
			);
			mainGroup = 26205626289AECD9002A7DFA;
			productRefGroup = 26205630289AECD9002A7DFA /* Products */;
			projectDirPath = "";
			projectRoot = "";
			targets = (
				2620562E289AECD9002A7DFA /* DevKitLesson1 */,
			);
		};
/* End PBXProject section */

/* Begin PBXResourcesBuildPhase section */
		2620562D289AECD9002A7DFA /* Resources */ = {
			isa = PBXResourcesBuildPhase;
			buildActionMask = 2147483647;
			files = (
				2620563F289AECDC002A7DFA /* LaunchScreen.storyboard in Resources */,
				2620563C289AECDC002A7DFA /* Assets.xcassets in Resources */,
			);
			runOnlyForDeploymentPostprocessing = 0;
		};
/* End PBXResourcesBuildPhase section */

/* Begin PBXSourcesBuildPhase section */
		2620562B289AECD9002A7DFA /* Sources */ = {
			isa = PBXSourcesBuildPhase;
			buildActionMask = 2147483647;
			files = (
				26205649289AF42E002A7DFA /* MainViewModel.swift in Sources */,
				2620564F289AF5F3002A7DFA /* NetworkError.swift in Sources */,
				26205637289AECD9002A7DFA /* MainViewController.swift in Sources */,
				26205647289AF13C002A7DFA /* MainView.swift in Sources */,
				26205633289AECD9002A7DFA /* AppDelegate.swift in Sources */,
				2620564D289AF506002A7DFA /* Person.swift in Sources */,
				26205635289AECD9002A7DFA /* SceneDelegate.swift in Sources */,
				2620564B289AF440002A7DFA /* Service.swift in Sources */,
			);
			runOnlyForDeploymentPostprocessing = 0;
		};
/* End PBXSourcesBuildPhase section */

/* Begin PBXVariantGroup section */
		2620563D289AECDC002A7DFA /* LaunchScreen.storyboard */ = {
			isa = PBXVariantGroup;
			children = (
				2620563E289AECDC002A7DFA /* Base */,
			);
			name = LaunchScreen.storyboard;
			sourceTree = "<group>";
		};
/* End PBXVariantGroup section */

/* Begin XCBuildConfiguration section */
		26205641289AECDC002A7DFA /* Debug */ = {
			isa = XCBuildConfiguration;
			buildSettings = {
				ALWAYS_SEARCH_USER_PATHS = NO;
				CLANG_ANALYZER_NONNULL = YES;
				CLANG_ANALYZER_NUMBER_OBJECT_CONVERSION = YES_AGGRESSIVE;
				CLANG_CXX_LANGUAGE_STANDARD = "gnu++17";
				CLANG_ENABLE_MODULES = YES;
				CLANG_ENABLE_OBJC_ARC = YES;
				CLANG_ENABLE_OBJC_WEAK = YES;
				CLANG_WARN_BLOCK_CAPTURE_AUTORELEASING = YES;
				CLANG_WARN_BOOL_CONVERSION = YES;
				CLANG_WARN_COMMA = YES;
				CLANG_WARN_CONSTANT_CONVERSION = YES;
				CLANG_WARN_DEPRECATED_OBJC_IMPLEMENTATIONS = YES;
				CLANG_WARN_DIRECT_OBJC_ISA_USAGE = YES_ERROR;
				CLANG_WARN_DOCUMENTATION_COMMENTS = YES;
				CLANG_WARN_EMPTY_BODY = YES;
				CLANG_WARN_ENUM_CONVERSION = YES;
				CLANG_WARN_INFINITE_RECURSION = YES;
				CLANG_WARN_INT_CONVERSION = YES;
				CLANG_WARN_NON_LITERAL_NULL_CONVERSION = YES;
				CLANG_WARN_OBJC_IMPLICIT_RETAIN_SELF = YES;
				CLANG_WARN_OBJC_LITERAL_CONVERSION = YES;
				CLANG_WARN_OBJC_ROOT_CLASS = YES_ERROR;
				CLANG_WARN_QUOTED_INCLUDE_IN_FRAMEWORK_HEADER = YES;
				CLANG_WARN_RANGE_LOOP_ANALYSIS = YES;
				CLANG_WARN_STRICT_PROTOTYPES = YES;
				CLANG_WARN_SUSPICIOUS_MOVE = YES;
				CLANG_WARN_UNGUARDED_AVAILABILITY = YES_AGGRESSIVE;
				CLANG_WARN_UNREACHABLE_CODE = YES;
				CLANG_WARN__DUPLICATE_METHOD_MATCH = YES;
				COPY_PHASE_STRIP = NO;
				DEBUG_INFORMATION_FORMAT = dwarf;
				ENABLE_STRICT_OBJC_MSGSEND = YES;
				ENABLE_TESTABILITY = YES;
				GCC_C_LANGUAGE_STANDARD = gnu11;
				GCC_DYNAMIC_NO_PIC = NO;
				GCC_NO_COMMON_BLOCKS = YES;
				GCC_OPTIMIZATION_LEVEL = 0;
				GCC_PREPROCESSOR_DEFINITIONS = (
					"DEBUG=1",
					"$(inherited)",
				);
				GCC_WARN_64_TO_32_BIT_CONVERSION = YES;
				GCC_WARN_ABOUT_RETURN_TYPE = YES_ERROR;
				GCC_WARN_UNDECLARED_SELECTOR = YES;
				GCC_WARN_UNINITIALIZED_AUTOS = YES_AGGRESSIVE;
				GCC_WARN_UNUSED_FUNCTION = YES;
				GCC_WARN_UNUSED_VARIABLE = YES;
				IPHONEOS_DEPLOYMENT_TARGET = 15.5;
				MTL_ENABLE_DEBUG_INFO = INCLUDE_SOURCE;
				MTL_FAST_MATH = YES;
				ONLY_ACTIVE_ARCH = YES;
				SDKROOT = iphoneos;
				SWIFT_ACTIVE_COMPILATION_CONDITIONS = DEBUG;
				SWIFT_OPTIMIZATION_LEVEL = "-Onone";
			};
			name = Debug;
		};
		26205642289AECDC002A7DFA /* Release */ = {
			isa = XCBuildConfiguration;
			buildSettings = {
				ALWAYS_SEARCH_USER_PATHS = NO;
				CLANG_ANALYZER_NONNULL = YES;
				CLANG_ANALYZER_NUMBER_OBJECT_CONVERSION = YES_AGGRESSIVE;
				CLANG_CXX_LANGUAGE_STANDARD = "gnu++17";
				CLANG_ENABLE_MODULES = YES;
				CLANG_ENABLE_OBJC_ARC = YES;
				CLANG_ENABLE_OBJC_WEAK = YES;
				CLANG_WARN_BLOCK_CAPTURE_AUTORELEASING = YES;
				CLANG_WARN_BOOL_CONVERSION = YES;
				CLANG_WARN_COMMA = YES;
				CLANG_WARN_CONSTANT_CONVERSION = YES;
				CLANG_WARN_DEPRECATED_OBJC_IMPLEMENTATIONS = YES;
				CLANG_WARN_DIRECT_OBJC_ISA_USAGE = YES_ERROR;
				CLANG_WARN_DOCUMENTATION_COMMENTS = YES;
				CLANG_WARN_EMPTY_BODY = YES;
				CLANG_WARN_ENUM_CONVERSION = YES;
				CLANG_WARN_INFINITE_RECURSION = YES;
				CLANG_WARN_INT_CONVERSION = YES;
				CLANG_WARN_NON_LITERAL_NULL_CONVERSION = YES;
				CLANG_WARN_OBJC_IMPLICIT_RETAIN_SELF = YES;
				CLANG_WARN_OBJC_LITERAL_CONVERSION = YES;
				CLANG_WARN_OBJC_ROOT_CLASS = YES_ERROR;
				CLANG_WARN_QUOTED_INCLUDE_IN_FRAMEWORK_HEADER = YES;
				CLANG_WARN_RANGE_LOOP_ANALYSIS = YES;
				CLANG_WARN_STRICT_PROTOTYPES = YES;
				CLANG_WARN_SUSPICIOUS_MOVE = YES;
				CLANG_WARN_UNGUARDED_AVAILABILITY = YES_AGGRESSIVE;
				CLANG_WARN_UNREACHABLE_CODE = YES;
				CLANG_WARN__DUPLICATE_METHOD_MATCH = YES;
				COPY_PHASE_STRIP = NO;
				DEBUG_INFORMATION_FORMAT = "dwarf-with-dsym";
				ENABLE_NS_ASSERTIONS = NO;
				ENABLE_STRICT_OBJC_MSGSEND = YES;
				GCC_C_LANGUAGE_STANDARD = gnu11;
				GCC_NO_COMMON_BLOCKS = YES;
				GCC_WARN_64_TO_32_BIT_CONVERSION = YES;
				GCC_WARN_ABOUT_RETURN_TYPE = YES_ERROR;
				GCC_WARN_UNDECLARED_SELECTOR = YES;
				GCC_WARN_UNINITIALIZED_AUTOS = YES_AGGRESSIVE;
				GCC_WARN_UNUSED_FUNCTION = YES;
				GCC_WARN_UNUSED_VARIABLE = YES;
				IPHONEOS_DEPLOYMENT_TARGET = 15.5;
				MTL_ENABLE_DEBUG_INFO = NO;
				MTL_FAST_MATH = YES;
				SDKROOT = iphoneos;
				SWIFT_COMPILATION_MODE = wholemodule;
				SWIFT_OPTIMIZATION_LEVEL = "-O";
				VALIDATE_PRODUCT = YES;
			};
			name = Release;
		};
		26205644289AECDC002A7DFA /* Debug */ = {
			isa = XCBuildConfiguration;
			buildSettings = {
				ASSETCATALOG_COMPILER_APPICON_NAME = AppIcon;
				ASSETCATALOG_COMPILER_GLOBAL_ACCENT_COLOR_NAME = AccentColor;
				CODE_SIGN_STYLE = Automatic;
				CURRENT_PROJECT_VERSION = 1;
				DEVELOPMENT_TEAM = GHCMDFUPZV;
				GENERATE_INFOPLIST_FILE = YES;
				INFOPLIST_FILE = DevKitLesson1/Info.plist;
				INFOPLIST_KEY_UIApplicationSupportsIndirectInputEvents = YES;
				INFOPLIST_KEY_UILaunchStoryboardName = LaunchScreen;
				INFOPLIST_KEY_UISupportedInterfaceOrientations = UIInterfaceOrientationPortrait;
				INFOPLIST_KEY_UISupportedInterfaceOrientations_iPad = "UIInterfaceOrientationPortrait UIInterfaceOrientationPortraitUpsideDown UIInterfaceOrientationLandscapeLeft UIInterfaceOrientationLandscapeRight";
				INFOPLIST_KEY_UISupportedInterfaceOrientations_iPhone = "UIInterfaceOrientationPortrait UIInterfaceOrientationLandscapeLeft UIInterfaceOrientationLandscapeRight";
				LD_RUNPATH_SEARCH_PATHS = (
					"$(inherited)",
					"@executable_path/Frameworks",
				);
				MARKETING_VERSION = 1.0;
				PRODUCT_BUNDLE_IDENTIFIER = com.Murilo.DevKitLesson1;
				PRODUCT_NAME = "$(TARGET_NAME)";
				SWIFT_EMIT_LOC_STRINGS = YES;
				SWIFT_VERSION = 5.0;
				TARGETED_DEVICE_FAMILY = 1;
			};
			name = Debug;
		};
		26205645289AECDC002A7DFA /* Release */ = {
			isa = XCBuildConfiguration;
			buildSettings = {
				ASSETCATALOG_COMPILER_APPICON_NAME = AppIcon;
				ASSETCATALOG_COMPILER_GLOBAL_ACCENT_COLOR_NAME = AccentColor;
				CODE_SIGN_STYLE = Automatic;
				CURRENT_PROJECT_VERSION = 1;
				DEVELOPMENT_TEAM = GHCMDFUPZV;
				GENERATE_INFOPLIST_FILE = YES;
				INFOPLIST_FILE = DevKitLesson1/Info.plist;
				INFOPLIST_KEY_UIApplicationSupportsIndirectInputEvents = YES;
				INFOPLIST_KEY_UILaunchStoryboardName = LaunchScreen;
				INFOPLIST_KEY_UISupportedInterfaceOrientations = UIInterfaceOrientationPortrait;
				INFOPLIST_KEY_UISupportedInterfaceOrientations_iPad = "UIInterfaceOrientationPortrait UIInterfaceOrientationPortraitUpsideDown UIInterfaceOrientationLandscapeLeft UIInterfaceOrientationLandscapeRight";
				INFOPLIST_KEY_UISupportedInterfaceOrientations_iPhone = "UIInterfaceOrientationPortrait UIInterfaceOrientationLandscapeLeft UIInterfaceOrientationLandscapeRight";
				LD_RUNPATH_SEARCH_PATHS = (
					"$(inherited)",
					"@executable_path/Frameworks",
				);
				MARKETING_VERSION = 1.0;
				PRODUCT_BUNDLE_IDENTIFIER = com.Murilo.DevKitLesson1;
				PRODUCT_NAME = "$(TARGET_NAME)";
				SWIFT_EMIT_LOC_STRINGS = YES;
				SWIFT_VERSION = 5.0;
				TARGETED_DEVICE_FAMILY = 1;
			};
			name = Release;
		};
/* End XCBuildConfiguration section */

/* Begin XCConfigurationList section */
		2620562A289AECD9002A7DFA /* Build configuration list for PBXProject "DevKitLesson1" */ = {
			isa = XCConfigurationList;
			buildConfigurations = (
				26205641289AECDC002A7DFA /* Debug */,
				26205642289AECDC002A7DFA /* Release */,
			);
			defaultConfigurationIsVisible = 0;
			defaultConfigurationName = Release;
		};
		26205643289AECDC002A7DFA /* Build configuration list for PBXNativeTarget "DevKitLesson1" */ = {
			isa = XCConfigurationList;
			buildConfigurations = (
				26205644289AECDC002A7DFA /* Debug */,
				26205645289AECDC002A7DFA /* Release */,
			);
			defaultConfigurationIsVisible = 0;
			defaultConfigurationName = Release;
		};
/* End XCConfigurationList section */
	};
	rootObject = 26205627289AECD9002A7DFA /* Project object */;
}
